
Microsoft Visual Studio Solution File, Format Version 12.00
# Visual Studio Version 16
VisualStudioVersion = 16.0.28729.10
MinimumVisualStudioVersion = 10.0.40219.1
Project("{FAE04EC0-301F-11D3-BF4B-00C04F79EFBC}") = "WCFDemo", "WCFDemo\WCFDemo.csproj", "{2F5E5069-9719-45EA-8F04-B2E262190B76}"
EndProject
Project("{9A19103F-16F7-4668-BE54-9A1E7A4F7556}") = "MySources", "MySources\MySources.csproj", "{544F35E0-1D9D-462C-960B-743106964BF6}"
EndProject
Project("{FAE04EC0-301F-11D3-BF4B-00C04F79EFBC}") = "MongoDBDemo", "MongoDBDemo\MongoDBDemo.csproj", "{76A7E692-97A3-4ED3-A120-D8C35F95C08E}"
EndProject
Project("{FAE04EC0-301F-11D3-BF4B-00C04F79EFBC}") = "AutoChromeDemo", "AutoChromeDemo\AutoChromeDemo.csproj", "{49871542-DC58-4B03-AB41-F1D4C5B7D83D}"
EndProject
Project("{FAE04EC0-301F-11D3-BF4B-00C04F79EFBC}") = "Web.API.Demo", "Web.API.Demo\Web.API.Demo.csproj", "{5010B6A5-C690-4BD3-9E8D-5326FA22374B}"
EndProject
Project("{FAE04EC0-301F-11D3-BF4B-00C04F79EFBC}") = "ProxyTest", "ProxyTest\ProxyTest.csproj", "{0A83A997-6B86-47E9-91A7-58EC3920C607}"
EndProject
Project("{FAE04EC0-301F-11D3-BF4B-00C04F79EFBC}") = "MWUtility", "MWUtility\MWUtility.csproj", "{E8D0BF01-C83B-4F01-8780-0B6FC391A1F0}"
EndProject
Project("{2150E333-8FDC-42A3-9474-1A3956D46DE8}") = "APITest", "APITest", "{5F77B187-5A56-40AE-B761-35A653BF580E}"
EndProject
Project("{FAE04EC0-301F-11D3-BF4B-00C04F79EFBC}") = "MWLoadRunner", "MWLoadRunner\MWLoadRunner.csproj", "{7AA5DE2E-A091-42DD-B8EF-639DBDB78D00}"
EndProject
Project("{FAE04EC0-301F-11D3-BF4B-00C04F79EFBC}") = "ConcurrentRunner", "ConcurrentRunner\ConcurrentRunner.csproj", "{04A22889-4652-4E4F-8E50-C2E27E6A8FDB}"
EndProject
Project("{9A19103F-16F7-4668-BE54-9A1E7A4F7556}") = "RabbitMQ_Demo", "RabbitMQ_Demo\RabbitMQ_Demo.csproj", "{033F8CAA-80BF-4C34-86A6-429CDB366B55}"
EndProject
Project("{2150E333-8FDC-42A3-9474-1A3956D46DE8}") = "RabbitMQ", "RabbitMQ", "{4AD410BB-4F96-4327-A401-E1B9BA576B39}"
EndProject
Project("{9A19103F-16F7-4668-BE54-9A1E7A4F7556}") = "MQ.Models", "MQ.Models\MQ.Models.csproj", "{8154B7C1-4DF1-4978-BA93-4E750F1FA07A}"
EndProject
Project("{9A19103F-16F7-4668-BE54-9A1E7A4F7556}") = "MQ.Publisher", "MQ_Subscriptor\MQ.Publisher.csproj", "{0FB3B7FA-2BF2-456E-846F-C247576017F8}"
EndProject
Project("{2150E333-8FDC-42A3-9474-1A3956D46DE8}") = "Temp", "Temp", "{75C716DB-34B6-4988-80D3-2611000AFB05}"
EndProject
Project("{FAE04EC0-301F-11D3-BF4B-00C04F79EFBC}") = "mw.Image2Url", "mw.Image2Url\mw.Image2Url.csproj", "{7E296AD3-04E0-4B16-98A9-D7D5DDCB16EB}"
EndProject
Project("{FAE04EC0-301F-11D3-BF4B-00C04F79EFBC}") = "ConsoleApp1", "ConsoleApp1\ConsoleApp1.csproj", "{DCE4D4C4-EBC9-45D8-A95A-F548E484F5BD}"
EndProject
Global
	GlobalSection(SolutionConfigurationPlatforms) = preSolution
		Debug|Any CPU = Debug|Any CPU
		Release|Any CPU = Release|Any CPU
	EndGlobalSection
	GlobalSection(ProjectConfigurationPlatforms) = postSolution
		{2F5E5069-9719-45EA-8F04-B2E262190B76}.Debug|Any CPU.ActiveCfg = Debug|Any CPU
		{2F5E5069-9719-45EA-8F04-B2E262190B76}.Debug|Any CPU.Build.0 = Debug|Any CPU
		{2F5E5069-9719-45EA-8F04-B2E262190B76}.Release|Any CPU.ActiveCfg = Release|Any CPU
		{2F5E5069-9719-45EA-8F04-B2E262190B76}.Release|Any CPU.Build.0 = Release|Any CPU
		{544F35E0-1D9D-462C-960B-743106964BF6}.Debug|Any CPU.ActiveCfg = Debug|Any CPU
		{544F35E0-1D9D-462C-960B-743106964BF6}.Debug|Any CPU.Build.0 = Debug|Any CPU
		{544F35E0-1D9D-462C-960B-743106964BF6}.Release|Any CPU.ActiveCfg = Release|Any CPU
		{544F35E0-1D9D-462C-960B-743106964BF6}.Release|Any CPU.Build.0 = Release|Any CPU
		{76A7E692-97A3-4ED3-A120-D8C35F95C08E}.Debug|Any CPU.ActiveCfg = Debug|Any CPU
		{76A7E692-97A3-4ED3-A120-D8C35F95C08E}.Debug|Any CPU.Build.0 = Debug|Any CPU
		{76A7E692-97A3-4ED3-A120-D8C35F95C08E}.Release|Any CPU.ActiveCfg = Release|Any CPU
		{76A7E692-97A3-4ED3-A120-D8C35F95C08E}.Release|Any CPU.Build.0 = Release|Any CPU
		{49871542-DC58-4B03-AB41-F1D4C5B7D83D}.Debug|Any CPU.ActiveCfg = Debug|Any CPU
		{49871542-DC58-4B03-AB41-F1D4C5B7D83D}.Debug|Any CPU.Build.0 = Debug|Any CPU
		{49871542-DC58-4B03-AB41-F1D4C5B7D83D}.Release|Any CPU.ActiveCfg = Release|Any CPU
		{49871542-DC58-4B03-AB41-F1D4C5B7D83D}.Release|Any CPU.Build.0 = Release|Any CPU
		{5010B6A5-C690-4BD3-9E8D-5326FA22374B}.Debug|Any CPU.ActiveCfg = Debug|Any CPU
		{5010B6A5-C690-4BD3-9E8D-5326FA22374B}.Debug|Any CPU.Build.0 = Debug|Any CPU
		{5010B6A5-C690-4BD3-9E8D-5326FA22374B}.Release|Any CPU.ActiveCfg = Release|Any CPU
		{5010B6A5-C690-4BD3-9E8D-5326FA22374B}.Release|Any CPU.Build.0 = Release|Any CPU
		{0A83A997-6B86-47E9-91A7-58EC3920C607}.Debug|Any CPU.ActiveCfg = Debug|Any CPU
		{0A83A997-6B86-47E9-91A7-58EC3920C607}.Debug|Any CPU.Build.0 = Debug|Any CPU
		{0A83A997-6B86-47E9-91A7-58EC3920C607}.Release|Any CPU.ActiveCfg = Release|Any CPU
		{0A83A997-6B86-47E9-91A7-58EC3920C607}.Release|Any CPU.Build.0 = Release|Any CPU
		{E8D0BF01-C83B-4F01-8780-0B6FC391A1F0}.Debug|Any CPU.ActiveCfg = Debug|Any CPU
		{E8D0BF01-C83B-4F01-8780-0B6FC391A1F0}.Debug|Any CPU.Build.0 = Debug|Any CPU
		{E8D0BF01-C83B-4F01-8780-0B6FC391A1F0}.Release|Any CPU.ActiveCfg = Release|Any CPU
		{E8D0BF01-C83B-4F01-8780-0B6FC391A1F0}.Release|Any CPU.Build.0 = Release|Any CPU
		{7AA5DE2E-A091-42DD-B8EF-639DBDB78D00}.Debug|Any CPU.ActiveCfg = Debug|Any CPU
		{7AA5DE2E-A091-42DD-B8EF-639DBDB78D00}.Debug|Any CPU.Build.0 = Debug|Any CPU
		{7AA5DE2E-A091-42DD-B8EF-639DBDB78D00}.Release|Any CPU.ActiveCfg = Release|Any CPU
		{7AA5DE2E-A091-42DD-B8EF-639DBDB78D00}.Release|Any CPU.Build.0 = Release|Any CPU
		{04A22889-4652-4E4F-8E50-C2E27E6A8FDB}.Debug|Any CPU.ActiveCfg = Debug|Any CPU
		{04A22889-4652-4E4F-8E50-C2E27E6A8FDB}.Debug|Any CPU.Build.0 = Debug|Any CPU
		{04A22889-4652-4E4F-8E50-C2E27E6A8FDB}.Release|Any CPU.ActiveCfg = Release|Any CPU
		{04A22889-4652-4E4F-8E50-C2E27E6A8FDB}.Release|Any CPU.Build.0 = Release|Any CPU
		{033F8CAA-80BF-4C34-86A6-429CDB366B55}.Debug|Any CPU.ActiveCfg = Debug|Any CPU
		{033F8CAA-80BF-4C34-86A6-429CDB366B55}.Debug|Any CPU.Build.0 = Debug|Any CPU
		{033F8CAA-80BF-4C34-86A6-429CDB366B55}.Release|Any CPU.ActiveCfg = Release|Any CPU
		{033F8CAA-80BF-4C34-86A6-429CDB366B55}.Release|Any CPU.Build.0 = Release|Any CPU
		{8154B7C1-4DF1-4978-BA93-4E750F1FA07A}.Debug|Any CPU.ActiveCfg = Debug|Any CPU
		{8154B7C1-4DF1-4978-BA93-4E750F1FA07A}.Debug|Any CPU.Build.0 = Debug|Any CPU
		{8154B7C1-4DF1-4978-BA93-4E750F1FA07A}.Release|Any CPU.ActiveCfg = Release|Any CPU
		{8154B7C1-4DF1-4978-BA93-4E750F1FA07A}.Release|Any CPU.Build.0 = Release|Any CPU
		{0FB3B7FA-2BF2-456E-846F-C247576017F8}.Debug|Any CPU.ActiveCfg = Debug|Any CPU
		{0FB3B7FA-2BF2-456E-846F-C247576017F8}.Debug|Any CPU.Build.0 = Debug|Any CPU
		{0FB3B7FA-2BF2-456E-846F-C247576017F8}.Release|Any CPU.ActiveCfg = Release|Any CPU
		{0FB3B7FA-2BF2-456E-846F-C247576017F8}.Release|Any CPU.Build.0 = Release|Any CPU
		{7E296AD3-04E0-4B16-98A9-D7D5DDCB16EB}.Debug|Any CPU.ActiveCfg = Debug|Any CPU
		{7E296AD3-04E0-4B16-98A9-D7D5DDCB16EB}.Debug|Any CPU.Build.0 = Debug|Any CPU
		{7E296AD3-04E0-4B16-98A9-D7D5DDCB16EB}.Release|Any CPU.ActiveCfg = Release|Any CPU
		{7E296AD3-04E0-4B16-98A9-D7D5DDCB16EB}.Release|Any CPU.Build.0 = Release|Any CPU
		{DCE4D4C4-EBC9-45D8-A95A-F548E484F5BD}.Debug|Any CPU.ActiveCfg = Debug|Any CPU
		{DCE4D4C4-EBC9-45D8-A95A-F548E484F5BD}.Debug|Any CPU.Build.0 = Debug|Any CPU
		{DCE4D4C4-EBC9-45D8-A95A-F548E484F5BD}.Release|Any CPU.ActiveCfg = Release|Any CPU
		{DCE4D4C4-EBC9-45D8-A95A-F548E484F5BD}.Release|Any CPU.Build.0 = Release|Any CPU
	EndGlobalSection
	GlobalSection(SolutionProperties) = preSolution
		HideSolutionNode = FALSE
	EndGlobalSection
	GlobalSection(NestedProjects) = preSolution
		{7AA5DE2E-A091-42DD-B8EF-639DBDB78D00} = {5F77B187-5A56-40AE-B761-35A653BF580E}
		{04A22889-4652-4E4F-8E50-C2E27E6A8FDB} = {5F77B187-5A56-40AE-B761-35A653BF580E}
		{033F8CAA-80BF-4C34-86A6-429CDB366B55} = {4AD410BB-4F96-4327-A401-E1B9BA576B39}
		{8154B7C1-4DF1-4978-BA93-4E750F1FA07A} = {4AD410BB-4F96-4327-A401-E1B9BA576B39}
		{0FB3B7FA-2BF2-456E-846F-C247576017F8} = {4AD410BB-4F96-4327-A401-E1B9BA576B39}
		{7E296AD3-04E0-4B16-98A9-D7D5DDCB16EB} = {75C716DB-34B6-4988-80D3-2611000AFB05}
		{DCE4D4C4-EBC9-45D8-A95A-F548E484F5BD} = {75C716DB-34B6-4988-80D3-2611000AFB05}
	EndGlobalSection
	GlobalSection(ExtensibilityGlobals) = postSolution
		SolutionGuid = {954A7B5E-1A5E-428B-9377-60010F513359}
	EndGlobalSection
EndGlobal
