
Microsoft Visual Studio Solution File, Format Version 12.00
# Visual Studio 15
VisualStudioVersion = 15.0.26730.3
MinimumVisualStudioVersion = 10.0.40219.1
Project("{FAE04EC0-301F-11D3-BF4B-00C04F79EFBC}") = "WCFDemo", "WCFDemo\WCFDemo.csproj", "{2F5E5069-9719-45EA-8F04-B2E262190B76}"
EndProject
Project("{9A19103F-16F7-4668-BE54-9A1E7A4F7556}") = "MySources", "MySources\MySources.csproj", "{544F35E0-1D9D-462C-960B-743106964BF6}"
EndProject
Project("{FAE04EC0-301F-11D3-BF4B-00C04F79EFBC}") = "Ever2Datable", "Ever2Datable\Ever2Datable.csproj", "{9764DA04-B99C-4357-8F5E-464388E80206}"
EndProject
Project("{FAE04EC0-301F-11D3-BF4B-00C04F79EFBC}") = "MongoDBDemo", "MongoDBDemo\MongoDBDemo.csproj", "{76A7E692-97A3-4ED3-A120-D8C35F95C08E}"
EndProject
Project("{FAE04EC0-301F-11D3-BF4B-00C04F79EFBC}") = "AutoChromeDemo", "AutoChromeDemo\AutoChromeDemo.csproj", "{49871542-DC58-4B03-AB41-F1D4C5B7D83D}"
EndProject
Global
	GlobalSection(SolutionConfigurationPlatforms) = preSolution
		Debug|Any CPU = Debug|Any CPU
		Release|Any CPU = Release|Any CPU
	EndGlobalSection
	GlobalSection(ProjectConfigurationPlatforms) = postSolution
		{2F5E5069-9719-45EA-8F04-B2E262190B76}.Debug|Any CPU.ActiveCfg = Debug|Any CPU
		{2F5E5069-9719-45EA-8F04-B2E262190B76}.Debug|Any CPU.Build.0 = Debug|Any CPU
		{2F5E5069-9719-45EA-8F04-B2E262190B76}.Release|Any CPU.ActiveCfg = Release|Any CPU
		{2F5E5069-9719-45EA-8F04-B2E262190B76}.Release|Any CPU.Build.0 = Release|Any CPU
		{544F35E0-1D9D-462C-960B-743106964BF6}.Debug|Any CPU.ActiveCfg = Debug|Any CPU
		{544F35E0-1D9D-462C-960B-743106964BF6}.Debug|Any CPU.Build.0 = Debug|Any CPU
		{544F35E0-1D9D-462C-960B-743106964BF6}.Release|Any CPU.ActiveCfg = Release|Any CPU
		{544F35E0-1D9D-462C-960B-743106964BF6}.Release|Any CPU.Build.0 = Release|Any CPU
		{9764DA04-B99C-4357-8F5E-464388E80206}.Debug|Any CPU.ActiveCfg = Debug|Any CPU
		{9764DA04-B99C-4357-8F5E-464388E80206}.Debug|Any CPU.Build.0 = Debug|Any CPU
		{9764DA04-B99C-4357-8F5E-464388E80206}.Release|Any CPU.ActiveCfg = Release|Any CPU
		{9764DA04-B99C-4357-8F5E-464388E80206}.Release|Any CPU.Build.0 = Release|Any CPU
		{76A7E692-97A3-4ED3-A120-D8C35F95C08E}.Debug|Any CPU.ActiveCfg = Debug|Any CPU
		{76A7E692-97A3-4ED3-A120-D8C35F95C08E}.Debug|Any CPU.Build.0 = Debug|Any CPU
		{76A7E692-97A3-4ED3-A120-D8C35F95C08E}.Release|Any CPU.ActiveCfg = Release|Any CPU
		{76A7E692-97A3-4ED3-A120-D8C35F95C08E}.Release|Any CPU.Build.0 = Release|Any CPU
		{49871542-DC58-4B03-AB41-F1D4C5B7D83D}.Debug|Any CPU.ActiveCfg = Debug|Any CPU
		{49871542-DC58-4B03-AB41-F1D4C5B7D83D}.Debug|Any CPU.Build.0 = Debug|Any CPU
		{49871542-DC58-4B03-AB41-F1D4C5B7D83D}.Release|Any CPU.ActiveCfg = Release|Any CPU
		{49871542-DC58-4B03-AB41-F1D4C5B7D83D}.Release|Any CPU.Build.0 = Release|Any CPU
	EndGlobalSection
	GlobalSection(SolutionProperties) = preSolution
		HideSolutionNode = FALSE
	EndGlobalSection
	GlobalSection(ExtensibilityGlobals) = postSolution
		SolutionGuid = {954A7B5E-1A5E-428B-9377-60010F513359}
	EndGlobalSection
EndGlobal
